// !$*UTF8*$!
{
	archiveVersion = 1;
	classes = {
	};
	objectVersion = 48;
	objects = {

/* Begin PBXBuildFile section */
		834AF3FC2046DA3D006E343D /* AppDelegate.swift in Sources */ = {isa = PBXBuildFile; fileRef = 834AF3FB2046DA3D006E343D /* AppDelegate.swift */; };
		834AF3FE2046DA3D006E343D /* ViewController.swift in Sources */ = {isa = PBXBuildFile; fileRef = 834AF3FD2046DA3D006E343D /* ViewController.swift */; };
		834AF4012046DA3D006E343D /* Main.storyboard in Resources */ = {isa = PBXBuildFile; fileRef = 834AF3FF2046DA3D006E343D /* Main.storyboard */; };
		834AF4032046DA3D006E343D /* Assets.xcassets in Resources */ = {isa = PBXBuildFile; fileRef = 834AF4022046DA3D006E343D /* Assets.xcassets */; };
		834AF4062046DA3D006E343D /* LaunchScreen.storyboard in Resources */ = {isa = PBXBuildFile; fileRef = 834AF4042046DA3D006E343D /* LaunchScreen.storyboard */; };
		834AF4112046DA3D006E343D /* dev_profileTests.swift in Sources */ = {isa = PBXBuildFile; fileRef = 834AF4102046DA3D006E343D /* dev_profileTests.swift */; };
		834AF41C2046DA3D006E343D /* dev_profileUITests.swift in Sources */ = {isa = PBXBuildFile; fileRef = 834AF41B2046DA3D006E343D /* dev_profileUITests.swift */; };
/* End PBXBuildFile section */

/* Begin PBXContainerItemProxy section */
		834AF40D2046DA3D006E343D /* PBXContainerItemProxy */ = {
			isa = PBXContainerItemProxy;
			containerPortal = 834AF3F02046DA3C006E343D /* Project object */;
			proxyType = 1;
			remoteGlobalIDString = 834AF3F72046DA3D006E343D;
			remoteInfo = "dev-profile";
		};
		834AF4182046DA3D006E343D /* PBXContainerItemProxy */ = {
			isa = PBXContainerItemProxy;
			containerPortal = 834AF3F02046DA3C006E343D /* Project object */;
			proxyType = 1;
			remoteGlobalIDString = 834AF3F72046DA3D006E343D;
			remoteInfo = "dev-profile";
		};
/* End PBXContainerItemProxy section */

/* Begin PBXFileReference section */
		834AF3F82046DA3D006E343D /* dev-profile.app */ = {isa = PBXFileReference; explicitFileType = wrapper.application; includeInIndex = 0; path = "dev-profile.app"; sourceTree = BUILT_PRODUCTS_DIR; };
		834AF3FB2046DA3D006E343D /* AppDelegate.swift */ = {isa = PBXFileReference; lastKnownFileType = sourcecode.swift; path = AppDelegate.swift; sourceTree = "<group>"; };
		834AF3FD2046DA3D006E343D /* ViewController.swift */ = {isa = PBXFileReference; lastKnownFileType = sourcecode.swift; path = ViewController.swift; sourceTree = "<group>"; };
		834AF4002046DA3D006E343D /* Base */ = {isa = PBXFileReference; lastKnownFileType = file.storyboard; name = Base; path = Base.lproj/Main.storyboard; sourceTree = "<group>"; };
		834AF4022046DA3D006E343D /* Assets.xcassets */ = {isa = PBXFileReference; lastKnownFileType = folder.assetcatalog; path = Assets.xcassets; sourceTree = "<group>"; };
		834AF4052046DA3D006E343D /* Base */ = {isa = PBXFileReference; lastKnownFileType = file.storyboard; name = Base; path = Base.lproj/LaunchScreen.storyboard; sourceTree = "<group>"; };
		834AF4072046DA3D006E343D /* Info.plist */ = {isa = PBXFileReference; lastKnownFileType = text.plist.xml; path = Info.plist; sourceTree = "<group>"; };
		834AF40C2046DA3D006E343D /* dev-profileTests.xctest */ = {isa = PBXFileReference; explicitFileType = wrapper.cfbundle; includeInIndex = 0; path = "dev-profileTests.xctest"; sourceTree = BUILT_PRODUCTS_DIR; };
		834AF4102046DA3D006E343D /* dev_profileTests.swift */ = {isa = PBXFileReference; lastKnownFileType = sourcecode.swift; path = dev_profileTests.swift; sourceTree = "<group>"; };
		834AF4122046DA3D006E343D /* Info.plist */ = {isa = PBXFileReference; lastKnownFileType = text.plist.xml; path = Info.plist; sourceTree = "<group>"; };
		834AF4172046DA3D006E343D /* dev-profileUITests.xctest */ = {isa = PBXFileReference; explicitFileType = wrapper.cfbundle; includeInIndex = 0; path = "dev-profileUITests.xctest"; sourceTree = BUILT_PRODUCTS_DIR; };
		834AF41B2046DA3D006E343D /* dev_profileUITests.swift */ = {isa = PBXFileReference; lastKnownFileType = sourcecode.swift; path = dev_profileUITests.swift; sourceTree = "<group>"; };
		834AF41D2046DA3D006E343D /* Info.plist */ = {isa = PBXFileReference; lastKnownFileType = text.plist.xml; path = Info.plist; sourceTree = "<group>"; };
/* End PBXFileReference section */

/* Begin PBXFrameworksBuildPhase section */
		834AF3F52046DA3D006E343D /* Frameworks */ = {
			isa = PBXFrameworksBuildPhase;
			buildActionMask = 2147483647;
			files = (
			);
			runOnlyForDeploymentPostprocessing = 0;
		};
		834AF4092046DA3D006E343D /* Frameworks */ = {
			isa = PBXFrameworksBuildPhase;
			buildActionMask = 2147483647;
			files = (
			);
			runOnlyForDeploymentPostprocessing = 0;
		};
		834AF4142046DA3D006E343D /* Frameworks */ = {
			isa = PBXFrameworksBuildPhase;
			buildActionMask = 2147483647;
			files = (
			);
			runOnlyForDeploymentPostprocessing = 0;
		};
/* End PBXFrameworksBuildPhase section */

/* Begin PBXGroup section */
		834AF3EF2046DA3C006E343D = {
			isa = PBXGroup;
			children = (
				834AF3FA2046DA3D006E343D /* dev-profile */,
				834AF40F2046DA3D006E343D /* dev-profileTests */,
				834AF41A2046DA3D006E343D /* dev-profileUITests */,
				834AF3F92046DA3D006E343D /* Products */,
			);
			sourceTree = "<group>";
		};
		834AF3F92046DA3D006E343D /* Products */ = {
			isa = PBXGroup;
			children = (
				834AF3F82046DA3D006E343D /* dev-profile.app */,
				834AF40C2046DA3D006E343D /* dev-profileTests.xctest */,
				834AF4172046DA3D006E343D /* dev-profileUITests.xctest */,
			);
			name = Products;
			sourceTree = "<group>";
		};
		834AF3FA2046DA3D006E343D /* dev-profile */ = {
			isa = PBXGroup;
			children = (
				834AF3FB2046DA3D006E343D /* AppDelegate.swift */,
				834AF3FD2046DA3D006E343D /* ViewController.swift */,
				834AF3FF2046DA3D006E343D /* Main.storyboard */,
				834AF4022046DA3D006E343D /* Assets.xcassets */,
				834AF4042046DA3D006E343D /* LaunchScreen.storyboard */,
				834AF4072046DA3D006E343D /* Info.plist */,
			);
			path = "dev-profile";
			sourceTree = "<group>";
		};
		834AF40F2046DA3D006E343D /* dev-profileTests */ = {
			isa = PBXGroup;
			children = (
				834AF4102046DA3D006E343D /* dev_profileTests.swift */,
				834AF4122046DA3D006E343D /* Info.plist */,
			);
			path = "dev-profileTests";
			sourceTree = "<group>";
		};
		834AF41A2046DA3D006E343D /* dev-profileUITests */ = {
			isa = PBXGroup;
			children = (
				834AF41B2046DA3D006E343D /* dev_profileUITests.swift */,
				834AF41D2046DA3D006E343D /* Info.plist */,
			);
			path = "dev-profileUITests";
			sourceTree = "<group>";
		};
/* End PBXGroup section */

/* Begin PBXNativeTarget section */
		834AF3F72046DA3D006E343D /* dev-profile */ = {
			isa = PBXNativeTarget;
			buildConfigurationList = 834AF4202046DA3D006E343D /* Build configuration list for PBXNativeTarget "dev-profile" */;
			buildPhases = (
				834AF3F42046DA3D006E343D /* Sources */,
				834AF3F52046DA3D006E343D /* Frameworks */,
				834AF3F62046DA3D006E343D /* Resources */,
			);
			buildRules = (
			);
			dependencies = (
			);
			name = "dev-profile";
			productName = "dev-profile";
			productReference = 834AF3F82046DA3D006E343D /* dev-profile.app */;
			productType = "com.apple.product-type.application";
		};
		834AF40B2046DA3D006E343D /* dev-profileTests */ = {
			isa = PBXNativeTarget;
			buildConfigurationList = 834AF4232046DA3D006E343D /* Build configuration list for PBXNativeTarget "dev-profileTests" */;
			buildPhases = (
				834AF4082046DA3D006E343D /* Sources */,
				834AF4092046DA3D006E343D /* Frameworks */,
				834AF40A2046DA3D006E343D /* Resources */,
			);
			buildRules = (
			);
			dependencies = (
				834AF40E2046DA3D006E343D /* PBXTargetDependency */,
			);
			name = "dev-profileTests";
			productName = "dev-profileTests";
			productReference = 834AF40C2046DA3D006E343D /* dev-profileTests.xctest */;
			productType = "com.apple.product-type.bundle.unit-test";
		};
		834AF4162046DA3D006E343D /* dev-profileUITests */ = {
			isa = PBXNativeTarget;
			buildConfigurationList = 834AF4262046DA3D006E343D /* Build configuration list for PBXNativeTarget "dev-profileUITests" */;
			buildPhases = (
				834AF4132046DA3D006E343D /* Sources */,
				834AF4142046DA3D006E343D /* Frameworks */,
				834AF4152046DA3D006E343D /* Resources */,
			);
			buildRules = (
			);
			dependencies = (
				834AF4192046DA3D006E343D /* PBXTargetDependency */,
			);
			name = "dev-profileUITests";
			productName = "dev-profileUITests";
			productReference = 834AF4172046DA3D006E343D /* dev-profileUITests.xctest */;
			productType = "com.apple.product-type.bundle.ui-testing";
		};
/* End PBXNativeTarget section */

/* Begin PBXProject section */
		834AF3F02046DA3C006E343D /* Project object */ = {
			isa = PBXProject;
			attributes = {
				LastSwiftUpdateCheck = 0920;
				LastUpgradeCheck = 0920;
				ORGANIZATIONNAME = "Luke Shore";
				TargetAttributes = {
					834AF3F72046DA3D006E343D = {
						CreatedOnToolsVersion = 9.2;
						ProvisioningStyle = Automatic;
					};
					834AF40B2046DA3D006E343D = {
						CreatedOnToolsVersion = 9.2;
						ProvisioningStyle = Automatic;
						TestTargetID = 834AF3F72046DA3D006E343D;
					};
					834AF4162046DA3D006E343D = {
						CreatedOnToolsVersion = 9.2;
						ProvisioningStyle = Automatic;
						TestTargetID = 834AF3F72046DA3D006E343D;
					};
				};
			};
			buildConfigurationList = 834AF3F32046DA3C006E343D /* Build configuration list for PBXProject "dev-profile" */;
			compatibilityVersion = "Xcode 8.0";
			developmentRegion = en;
			hasScannedForEncodings = 0;
			knownRegions = (
				en,
				Base,
			);
			mainGroup = 834AF3EF2046DA3C006E343D;
			productRefGroup = 834AF3F92046DA3D006E343D /* Products */;
			projectDirPath = "";
			projectRoot = "";
			targets = (
				834AF3F72046DA3D006E343D /* dev-profile */,
				834AF40B2046DA3D006E343D /* dev-profileTests */,
				834AF4162046DA3D006E343D /* dev-profileUITests */,
			);
		};
/* End PBXProject section */

/* Begin PBXResourcesBuildPhase section */
		834AF3F62046DA3D006E343D /* Resources */ = {
			isa = PBXResourcesBuildPhase;
			buildActionMask = 2147483647;
			files = (
				834AF4062046DA3D006E343D /* LaunchScreen.storyboard in Resources */,
				834AF4032046DA3D006E343D /* Assets.xcassets in Resources */,
				834AF4012046DA3D006E343D /* Main.storyboard in Resources */,
			);
			runOnlyForDeploymentPostprocessing = 0;
		};
		834AF40A2046DA3D006E343D /* Resources */ = {
			isa = PBXResourcesBuildPhase;
			buildActionMask = 2147483647;
			files = (
			);
			runOnlyForDeploymentPostprocessing = 0;
		};
		834AF4152046DA3D006E343D /* Resources */ = {
			isa = PBXResourcesBuildPhase;
			buildActionMask = 2147483647;
			files = (
			);
			runOnlyForDeploymentPostprocessing = 0;
		};
/* End PBXResourcesBuildPhase section */

/* Begin PBXSourcesBuildPhase section */
		834AF3F42046DA3D006E343D /* Sources */ = {
			isa = PBXSourcesBuildPhase;
			buildActionMask = 2147483647;
			files = (
				834AF3FE2046DA3D006E343D /* ViewController.swift in Sources */,
				834AF3FC2046DA3D006E343D /* AppDelegate.swift in Sources */,
			);
			runOnlyForDeploymentPostprocessing = 0;
		};
		834AF4082046DA3D006E343D /* Sources */ = {
			isa = PBXSourcesBuildPhase;
			buildActionMask = 2147483647;
			files = (
				834AF4112046DA3D006E343D /* dev_profileTests.swift in Sources */,
			);
			runOnlyForDeploymentPostprocessing = 0;
		};
		834AF4132046DA3D006E343D /* Sources */ = {
			isa = PBXSourcesBuildPhase;
			buildActionMask = 2147483647;
			files = (
				834AF41C2046DA3D006E343D /* dev_profileUITests.swift in Sources */,
			);
			runOnlyForDeploymentPostprocessing = 0;
		};
/* End PBXSourcesBuildPhase section */

/* Begin PBXTargetDependency section */
		834AF40E2046DA3D006E343D /* PBXTargetDependency */ = {
			isa = PBXTargetDependency;
			target = 834AF3F72046DA3D006E343D /* dev-profile */;
			targetProxy = 834AF40D2046DA3D006E343D /* PBXContainerItemProxy */;
		};
		834AF4192046DA3D006E343D /* PBXTargetDependency */ = {
			isa = PBXTargetDependency;
			target = 834AF3F72046DA3D006E343D /* dev-profile */;
			targetProxy = 834AF4182046DA3D006E343D /* PBXContainerItemProxy */;
		};
/* End PBXTargetDependency section */

/* Begin PBXVariantGroup section */
		834AF3FF2046DA3D006E343D /* Main.storyboard */ = {
			isa = PBXVariantGroup;
			children = (
				834AF4002046DA3D006E343D /* Base */,
			);
			name = Main.storyboard;
			sourceTree = "<group>";
		};
		834AF4042046DA3D006E343D /* LaunchScreen.storyboard */ = {
			isa = PBXVariantGroup;
			children = (
				834AF4052046DA3D006E343D /* Base */,
			);
			name = LaunchScreen.storyboard;
			sourceTree = "<group>";
		};
/* End PBXVariantGroup section */

/* Begin XCBuildConfiguration section */
		834AF41E2046DA3D006E343D /* Debug */ = {
			isa = XCBuildConfiguration;
			buildSettings = {
				ALWAYS_SEARCH_USER_PATHS = NO;
				CLANG_ANALYZER_NONNULL = YES;
				CLANG_ANALYZER_NUMBER_OBJECT_CONVERSION = YES_AGGRESSIVE;
				CLANG_CXX_LANGUAGE_STANDARD = "gnu++14";
				CLANG_CXX_LIBRARY = "libc++";
				CLANG_ENABLE_MODULES = YES;
				CLANG_ENABLE_OBJC_ARC = YES;
				CLANG_WARN_BLOCK_CAPTURE_AUTORELEASING = YES;
				CLANG_WARN_BOOL_CONVERSION = YES;
				CLANG_WARN_COMMA = YES;
				CLANG_WARN_CONSTANT_CONVERSION = YES;
				CLANG_WARN_DIRECT_OBJC_ISA_USAGE = YES_ERROR;
				CLANG_WARN_DOCUMENTATION_COMMENTS = YES;
				CLANG_WARN_EMPTY_BODY = YES;
				CLANG_WARN_ENUM_CONVERSION = YES;
				CLANG_WARN_INFINITE_RECURSION = YES;
				CLANG_WARN_INT_CONVERSION = YES;
				CLANG_WARN_NON_LITERAL_NULL_CONVERSION = YES;
				CLANG_WARN_OBJC_LITERAL_CONVERSION = YES;
				CLANG_WARN_OBJC_ROOT_CLASS = YES_ERROR;
				CLANG_WARN_RANGE_LOOP_ANALYSIS = YES;
				CLANG_WARN_STRICT_PROTOTYPES = YES;
				CLANG_WARN_SUSPICIOUS_MOVE = YES;
				CLANG_WARN_UNGUARDED_AVAILABILITY = YES_AGGRESSIVE;
				CLANG_WARN_UNREACHABLE_CODE = YES;
				CLANG_WARN__DUPLICATE_METHOD_MATCH = YES;
				CODE_SIGN_IDENTITY = "iPhone Developer";
				COPY_PHASE_STRIP = NO;
				DEBUG_INFORMATION_FORMAT = dwarf;
				ENABLE_STRICT_OBJC_MSGSEND = YES;
				ENABLE_TESTABILITY = YES;
				GCC_C_LANGUAGE_STANDARD = gnu11;
				GCC_DYNAMIC_NO_PIC = NO;
				GCC_NO_COMMON_BLOCKS = YES;
				GCC_OPTIMIZATION_LEVEL = 0;
				GCC_PREPROCESSOR_DEFINITIONS = (
					"DEBUG=1",
					"$(inherited)",
				);
				GCC_WARN_64_TO_32_BIT_CONVERSION = YES;
				GCC_WARN_ABOUT_RETURN_TYPE = YES_ERROR;
				GCC_WARN_UNDECLARED_SELECTOR = YES;
				GCC_WARN_UNINITIALIZED_AUTOS = YES_AGGRESSIVE;
				GCC_WARN_UNUSED_FUNCTION = YES;
				GCC_WARN_UNUSED_VARIABLE = YES;
				IPHONEOS_DEPLOYMENT_TARGET = 11.2;
				MTL_ENABLE_DEBUG_INFO = YES;
				ONLY_ACTIVE_ARCH = YES;
				SDKROOT = iphoneos;
				SWIFT_ACTIVE_COMPILATION_CONDITIONS = DEBUG;
				SWIFT_OPTIMIZATION_LEVEL = "-Onone";
			};
			name = Debug;
		};
		834AF41F2046DA3D006E343D /* Release */ = {
			isa = XCBuildConfiguration;
			buildSettings = {
				ALWAYS_SEARCH_USER_PATHS = NO;
				CLANG_ANALYZER_NONNULL = YES;
				CLANG_ANALYZER_NUMBER_OBJECT_CONVERSION = YES_AGGRESSIVE;
				CLANG_CXX_LANGUAGE_STANDARD = "gnu++14";
				CLANG_CXX_LIBRARY = "libc++";
				CLANG_ENABLE_MODULES = YES;
				CLANG_ENABLE_OBJC_ARC = YES;
				CLANG_WARN_BLOCK_CAPTURE_AUTORELEASING = YES;
				CLANG_WARN_BOOL_CONVERSION = YES;
				CLANG_WARN_COMMA = YES;
				CLANG_WARN_CONSTANT_CONVERSION = YES;
				CLANG_WARN_DIRECT_OBJC_ISA_USAGE = YES_ERROR;
				CLANG_WARN_DOCUMENTATION_COMMENTS = YES;
				CLANG_WARN_EMPTY_BODY = YES;
				CLANG_WARN_ENUM_CONVERSION = YES;
				CLANG_WARN_INFINITE_RECURSION = YES;
				CLANG_WARN_INT_CONVERSION = YES;
				CLANG_WARN_NON_LITERAL_NULL_CONVERSION = YES;
				CLANG_WARN_OBJC_LITERAL_CONVERSION = YES;
				CLANG_WARN_OBJC_ROOT_CLASS = YES_ERROR;
				CLANG_WARN_RANGE_LOOP_ANALYSIS = YES;
				CLANG_WARN_STRICT_PROTOTYPES = YES;
				CLANG_WARN_SUSPICIOUS_MOVE = YES;
				CLANG_WARN_UNGUARDED_AVAILABILITY = YES_AGGRESSIVE;
				CLANG_WARN_UNREACHABLE_CODE = YES;
				CLANG_WARN__DUPLICATE_METHOD_MATCH = YES;
				CODE_SIGN_IDENTITY = "iPhone Developer";
				COPY_PHASE_STRIP = NO;
				DEBUG_INFORMATION_FORMAT = "dwarf-with-dsym";
				ENABLE_NS_ASSERTIONS = NO;
				ENABLE_STRICT_OBJC_MSGSEND = YES;
				GCC_C_LANGUAGE_STANDARD = gnu11;
				GCC_NO_COMMON_BLOCKS = YES;
				GCC_WARN_64_TO_32_BIT_CONVERSION = YES;
				GCC_WARN_ABOUT_RETURN_TYPE = YES_ERROR;
				GCC_WARN_UNDECLARED_SELECTOR = YES;
				GCC_WARN_UNINITIALIZED_AUTOS = YES_AGGRESSIVE;
				GCC_WARN_UNUSED_FUNCTION = YES;
				GCC_WARN_UNUSED_VARIABLE = YES;
				IPHONEOS_DEPLOYMENT_TARGET = 11.2;
				MTL_ENABLE_DEBUG_INFO = NO;
				SDKROOT = iphoneos;
				SWIFT_OPTIMIZATION_LEVEL = "-Owholemodule";
				VALIDATE_PRODUCT = YES;
			};
			name = Release;
		};
		834AF4212046DA3D006E343D /* Debug */ = {
			isa = XCBuildConfiguration;
			buildSettings = {
				ASSETCATALOG_COMPILER_APPICON_NAME = AppIcon;
				CODE_SIGN_STYLE = Automatic;
				DEVELOPMENT_TEAM = NJUYQ27S8F;
				INFOPLIST_FILE = "dev-profile/Info.plist";
				LD_RUNPATH_SEARCH_PATHS = "$(inherited) @executable_path/Frameworks";
				PRODUCT_BUNDLE_IDENTIFIER = "lukeshore.dev-profile";
				PRODUCT_NAME = "$(TARGET_NAME)";
				SWIFT_VERSION = 4.0;
				TARGETED_DEVICE_FAMILY = "1,2";
			};
			name = Debug;
		};
		834AF4222046DA3D006E343D /* Release */ = {
			isa = XCBuildConfiguration;
			buildSettings = {
				ASSETCATALOG_COMPILER_APPICON_NAME = AppIcon;
				CODE_SIGN_STYLE = Automatic;
				DEVELOPMENT_TEAM = NJUYQ27S8F;
				INFOPLIST_FILE = "dev-profile/Info.plist";
				LD_RUNPATH_SEARCH_PATHS = "$(inherited) @executable_path/Frameworks";
				PRODUCT_BUNDLE_IDENTIFIER = "lukeshore.dev-profile";
				PRODUCT_NAME = "$(TARGET_NAME)";
				SWIFT_VERSION = 4.0;
				TARGETED_DEVICE_FAMILY = "1,2";
			};
			name = Release;
		};
		834AF4242046DA3D006E343D /* Debug */ = {
			isa = XCBuildConfiguration;
			buildSettings = {
				ALWAYS_EMBED_SWIFT_STANDARD_LIBRARIES = YES;
				BUNDLE_LOADER = "$(TEST_HOST)";
				CODE_SIGN_STYLE = Automatic;
				DEVELOPMENT_TEAM = NJUYQ27S8F;
				INFOPLIST_FILE = "dev-profileTests/Info.plist";
				LD_RUNPATH_SEARCH_PATHS = "$(inherited) @executable_path/Frameworks @loader_path/Frameworks";
				PRODUCT_BUNDLE_IDENTIFIER = "lukeshore.dev-profileTests";
				PRODUCT_NAME = "$(TARGET_NAME)";
				SWIFT_VERSION = 4.0;
				TARGETED_DEVICE_FAMILY = "1,2";
				TEST_HOST = "$(BUILT_PRODUCTS_DIR)/dev-profile.app/dev-profile";
			};
			name = Debug;
		};
		834AF4252046DA3D006E343D /* Release */ = {
			isa = XCBuildConfiguration;
			buildSettings = {
				ALWAYS_EMBED_SWIFT_STANDARD_LIBRARIES = YES;
				BUNDLE_LOADER = "$(TEST_HOST)";
				CODE_SIGN_STYLE = Automatic;
				DEVELOPMENT_TEAM = NJUYQ27S8F;
				INFOPLIST_FILE = "dev-profileTests/Info.plist";
				LD_RUNPATH_SEARCH_PATHS = "$(inherited) @executable_path/Frameworks @loader_path/Frameworks";
				PRODUCT_BUNDLE_IDENTIFIER = "lukeshore.dev-profileTests";
				PRODUCT_NAME = "$(TARGET_NAME)";
				SWIFT_VERSION = 4.0;
				TARGETED_DEVICE_FAMILY = "1,2";
				TEST_HOST = "$(BUILT_PRODUCTS_DIR)/dev-profile.app/dev-profile";
			};
			name = Release;
		};
		834AF4272046DA3D006E343D /* Debug */ = {
			isa = XCBuildConfiguration;
			buildSettings = {
				ALWAYS_EMBED_SWIFT_STANDARD_LIBRARIES = YES;
				CODE_SIGN_STYLE = Automatic;
				DEVELOPMENT_TEAM = NJUYQ27S8F;
				INFOPLIST_FILE = "dev-profileUITests/Info.plist";
				LD_RUNPATH_SEARCH_PATHS = "$(inherited) @executable_path/Frameworks @loader_path/Frameworks";
				PRODUCT_BUNDLE_IDENTIFIER = "lukeshore.dev-profileUITests";
				PRODUCT_NAME = "$(TARGET_NAME)";
				SWIFT_VERSION = 4.0;
				TARGETED_DEVICE_FAMILY = "1,2";
				TEST_TARGET_NAME = "dev-profile";
			};
			name = Debug;
		};
		834AF4282046DA3D006E343D /* Release */ = {
			isa = XCBuildConfiguration;
			buildSettings = {
				ALWAYS_EMBED_SWIFT_STANDARD_LIBRARIES = YES;
				CODE_SIGN_STYLE = Automatic;
				DEVELOPMENT_TEAM = NJUYQ27S8F;
				INFOPLIST_FILE = "dev-profileUITests/Info.plist";
				LD_RUNPATH_SEARCH_PATHS = "$(inherited) @executable_path/Frameworks @loader_path/Frameworks";
				PRODUCT_BUNDLE_IDENTIFIER = "lukeshore.dev-profileUITests";
				PRODUCT_NAME = "$(TARGET_NAME)";
				SWIFT_VERSION = 4.0;
				TARGETED_DEVICE_FAMILY = "1,2";
				TEST_TARGET_NAME = "dev-profile";
			};
			name = Release;
		};
/* End XCBuildConfiguration section */

/* Begin XCConfigurationList section */
		834AF3F32046DA3C006E343D /* Build configuration list for PBXProject "dev-profile" */ = {
			isa = XCConfigurationList;
			buildConfigurations = (
				834AF41E2046DA3D006E343D /* Debug */,
				834AF41F2046DA3D006E343D /* Release */,
			);
			defaultConfigurationIsVisible = 0;
			defaultConfigurationName = Release;
		};
		834AF4202046DA3D006E343D /* Build configuration list for PBXNativeTarget "dev-profile" */ = {
			isa = XCConfigurationList;
			buildConfigurations = (
				834AF4212046DA3D006E343D /* Debug */,
				834AF4222046DA3D006E343D /* Release */,
			);
			defaultConfigurationIsVisible = 0;
			defaultConfigurationName = Release;
		};
		834AF4232046DA3D006E343D /* Build configuration list for PBXNativeTarget "dev-profileTests" */ = {
			isa = XCConfigurationList;
			buildConfigurations = (
				834AF4242046DA3D006E343D /* Debug */,
				834AF4252046DA3D006E343D /* Release */,
			);
			defaultConfigurationIsVisible = 0;
			defaultConfigurationName = Release;
		};
		834AF4262046DA3D006E343D /* Build configuration list for PBXNativeTarget "dev-profileUITests" */ = {
			isa = XCConfigurationList;
			buildConfigurations = (
				834AF4272046DA3D006E343D /* Debug */,
				834AF4282046DA3D006E343D /* Release */,
			);
			defaultConfigurationIsVisible = 0;
			defaultConfigurationName = Release;
		};
/* End XCConfigurationList section */
	};
	rootObject = 834AF3F02046DA3C006E343D /* Project object */;
}
